
Microsoft Visual Studio Solution File, Format Version 12.00
# Visual Studio 15
VisualStudioVersion = 15.0.27004.2006
MinimumVisualStudioVersion = 10.0.40219.1
Project("{FAE04EC0-301F-11D3-BF4B-00C04F79EFBC}") = "Blog", "Blog\Blog.csproj", "{1AC65350-2C01-4F4A-AB0B-E642A0BFD089}"
EndProject
Project("{FAE04EC0-301F-11D3-BF4B-00C04F79EFBC}") = "Blog.Data", "Blog.Domain\Blog.Data.csproj", "{0CD81C94-283F-4B17-9269-547F476F1CBD}"
EndProject
Project("{FAE04EC0-301F-11D3-BF4B-00C04F79EFBC}") = "Blog.AppLogic", "Blog.AppLogic\Blog.AppLogic.csproj", "{8B3A9E42-0C46-4D32-84B1-355A2E1C3428}"
EndProject
Global
	GlobalSection(SolutionConfigurationPlatforms) = preSolution
		Debug|Any CPU = Debug|Any CPU
		Release|Any CPU = Release|Any CPU
	EndGlobalSection
	GlobalSection(ProjectConfigurationPlatforms) = postSolution
		{1AC65350-2C01-4F4A-AB0B-E642A0BFD089}.Debug|Any CPU.ActiveCfg = Debug|Any CPU
		{1AC65350-2C01-4F4A-AB0B-E642A0BFD089}.Debug|Any CPU.Build.0 = Debug|Any CPU
		{1AC65350-2C01-4F4A-AB0B-E642A0BFD089}.Release|Any CPU.ActiveCfg = Release|Any CPU
		{1AC65350-2C01-4F4A-AB0B-E642A0BFD089}.Release|Any CPU.Build.0 = Release|Any CPU
		{0CD81C94-283F-4B17-9269-547F476F1CBD}.Debug|Any CPU.ActiveCfg = Debug|Any CPU
		{0CD81C94-283F-4B17-9269-547F476F1CBD}.Debug|Any CPU.Build.0 = Debug|Any CPU
		{0CD81C94-283F-4B17-9269-547F476F1CBD}.Release|Any CPU.ActiveCfg = Release|Any CPU
		{0CD81C94-283F-4B17-9269-547F476F1CBD}.Release|Any CPU.Build.0 = Release|Any CPU
		{8B3A9E42-0C46-4D32-84B1-355A2E1C3428}.Debug|Any CPU.ActiveCfg = Debug|Any CPU
		{8B3A9E42-0C46-4D32-84B1-355A2E1C3428}.Debug|Any CPU.Build.0 = Debug|Any CPU
		{8B3A9E42-0C46-4D32-84B1-355A2E1C3428}.Release|Any CPU.ActiveCfg = Release|Any CPU
		{8B3A9E42-0C46-4D32-84B1-355A2E1C3428}.Release|Any CPU.Build.0 = Release|Any CPU
	EndGlobalSection
	GlobalSection(SolutionProperties) = preSolution
		HideSolutionNode = FALSE
	EndGlobalSection
	GlobalSection(ExtensibilityGlobals) = postSolution
		SolutionGuid = {0EA8D1C3-3D04-457D-BA2F-83159C29FBB8}
	EndGlobalSection
EndGlobal
